{
  "lockfileVersion": 1,
  "configVersion": 1,
  "workspaces": {
    "": {
      "name": "@afokapu/atdd-workflow",
      "dependencies": {
        "@typesafe-ai/sdk": "^0.6.0",
        "yaml": "2.9.0",
      },
      "devDependencies": {
        "@afokapu/atdd-bun": "0.10.71",
      },
    },
  },
  "packages": {
    "@afokapu/atdd-bun": ["@afokapu/atdd-bun@0.10.71", "", { "dependencies": { "@afokapu/atdd-flow": "^0.3.0", "ajv": "^8.17.1", "ajv-formats": "^3.0.1", "typescript": "6.0.3" }, "bin": { "atdd-bun": "src/cli.ts" } }, "sha512-dnhV3R01sjI06UCz2R8ddFVT2jVD9bHrRWK/HUdOEhCEfgiR5OerGI4r24pp/RZ4ugczki5W6lm7pa5zVcV1zA=="],

    "@afokapu/atdd-flow": ["@afokapu/atdd-flow@0.3.6", "", { "dependencies": { "@typesafe-ai/sdk": "^0.6.0", "yaml": "2.9.0" }, "bin": { "atdd-flow": "bin/atdd-flow" } }, "sha512-eDUQ4JnuhIxjiCs+zPPE9ww9aYI+cOTraCB4hGazyD/bFkZSq0o03UGZq0TbZQWdNnDdH/3Ju+dAxFj/Lcbyxw=="],

    "@typesafe-ai/sdk": ["@typesafe-ai/sdk@0.6.0", "", {}, "sha512-IddX+Q0XM+VagOUZFeP7wZjaO4SHMdvnh2zEBdrZZnXedWI3BNK1lKhMx3ayrkFWvVLbVcUHJy6AVZlY+e6Jaw=="],

    "ajv": ["ajv@8.20.0", "", { "dependencies": { "fast-deep-equal": "^3.1.3", "fast-uri": "^3.0.1", "json-schema-traverse": "^1.0.0", "require-from-string": "^2.0.2" } }, "sha512-Thbli+OlOj+iMPYFBVBfJ3OmCAnaSyNn4M1vz9T6Gka5Jt9ba/HIR56joy65tY6kx/FCF5VXNB819Y7/GUrBGA=="],

    "ajv-formats": ["ajv-formats@3.0.1", "", { "dependencies": { "ajv": "^8.0.0" } }, "sha512-8iUql50EUR+uUcdRQ3HDqa6EVyo3docL8g5WJ3FNcWmu62IbkGUue/pEyLBW8VGKKucTPgqeks4fIU1DA4yowQ=="],

    "fast-deep-equal": ["fast-deep-equal@3.1.3", "", {}, "sha512-f3qQ9oQy9j2AhBe/H9VC91wLmKBCCU/gDOnKNAYG5hswO7BLKj09Hc5HYNz9cGI++xlpDCIgDaitVs03ATR84Q=="],

    "fast-uri": ["fast-uri@3.1.8", "", {}, "sha512-GZMtZUTNRpOVIECoXwLNZS5xUGE+mVNbTB8h/7Rwh2TFWcBQiPzTgyZi05BF9UMZKkLJv8XBRJTlU7zg8+ZfMg=="],

    "json-schema-traverse": ["json-schema-traverse@1.0.0", "", {}, "sha512-NM8/P9n3XjXhIZn1lLhkFaACTOURQXjWhV4BA/RnOv8xvgqtqpAX9IO4mRQxSx1Rlo4tqzeqb0sOlruaOy3dug=="],

    "require-from-string": ["require-from-string@2.0.2", "", {}, "sha512-Xf0nWe6RseziFMu+Ap9biiUbmplq6S9/p+7w7YXP/JBHhrUDDUhwa+vANyubuqfZWTveU//DYVGsDG7RKL/vEw=="],

    "typescript": ["typescript@6.0.3", "", { "bin": { "tsc": "bin/tsc", "tsserver": "bin/tsserver" } }, "sha512-y2TvuxSZPDyQakkFRPZHKFm+KKVqIisdg9/CZwm9ftvKXLP8NRWj38/ODjNbr43SsoXqNuAisEf1GdCxqWcdBw=="],

    "yaml": ["yaml@2.9.0", "", { "bin": { "yaml": "bin.mjs" } }, "sha512-2AvhNX3mb8zd6Zy7INTtSpl1F15HW6Wnqj0srWlkKLcpYl/gMIMJiyuGq2KeI2YFxUPjdlB+3Lc10seMLtL4cA=="],
  }
}
